// !$*UTF8*$!
{
	archiveVersion = 1;
	classes = {
	};
	objectVersion = 55;
	objects = {

/* Begin PBXBuildFile section */
		6A55AF882928AC3500A39775 /* AppDelegate.swift in Sources */ = {isa = PBXBuildFile; fileRef = 6A55AF872928AC3500A39775 /* AppDelegate.swift */; };
		6A55AF8A2928AC3500A39775 /* SceneDelegate.swift in Sources */ = {isa = PBXBuildFile; fileRef = 6A55AF892928AC3500A39775 /* SceneDelegate.swift */; };
		6A55AF8C2928AC3500A39775 /* DisplayViewController.swift in Sources */ = {isa = PBXBuildFile; fileRef = 6A55AF8B2928AC3500A39775 /* DisplayViewController.swift */; };
		6A55AF8F2928AC3500A39775 /* Main.storyboard in Resources */ = {isa = PBXBuildFile; fileRef = 6A55AF8D2928AC3500A39775 /* Main.storyboard */; };
		6A55AF912928AC3700A39775 /* Assets.xcassets in Resources */ = {isa = PBXBuildFile; fileRef = 6A55AF902928AC3700A39775 /* Assets.xcassets */; };
		6A55AF942928AC3700A39775 /* LaunchScreen.storyboard in Resources */ = {isa = PBXBuildFile; fileRef = 6A55AF922928AC3700A39775 /* LaunchScreen.storyboard */; };
		6A55AF9C2928D5EC00A39775 /* SettingViewController.swift in Sources */ = {isa = PBXBuildFile; fileRef = 6A55AF9B2928D5EC00A39775 /* SettingViewController.swift */; };
		6A55AF9E2928DEE800A39775 /* LEDSettingDelegate+Protocol.swift in Sources */ = {isa = PBXBuildFile; fileRef = 6A55AF9D2928DEE800A39775 /* LEDSettingDelegate+Protocol.swift */; };
/* End PBXBuildFile section */

/* Begin PBXFileReference section */
		6A55AF842928AC3500A39775 /* LEDScreen.app */ = {isa = PBXFileReference; explicitFileType = wrapper.application; includeInIndex = 0; path = LEDScreen.app; sourceTree = BUILT_PRODUCTS_DIR; };
		6A55AF872928AC3500A39775 /* AppDelegate.swift */ = {isa = PBXFileReference; lastKnownFileType = sourcecode.swift; path = AppDelegate.swift; sourceTree = "<group>"; };
		6A55AF892928AC3500A39775 /* SceneDelegate.swift */ = {isa = PBXFileReference; lastKnownFileType = sourcecode.swift; path = SceneDelegate.swift; sourceTree = "<group>"; };
		6A55AF8B2928AC3500A39775 /* DisplayViewController.swift */ = {isa = PBXFileReference; lastKnownFileType = sourcecode.swift; path = DisplayViewController.swift; sourceTree = "<group>"; };
		6A55AF8E2928AC3500A39775 /* Base */ = {isa = PBXFileReference; lastKnownFileType = file.storyboard; name = Base; path = Base.lproj/Main.storyboard; sourceTree = "<group>"; };
		6A55AF902928AC3700A39775 /* Assets.xcassets */ = {isa = PBXFileReference; lastKnownFileType = folder.assetcatalog; path = Assets.xcassets; sourceTree = "<group>"; };
		6A55AF932928AC3700A39775 /* Base */ = {isa = PBXFileReference; lastKnownFileType = file.storyboard; name = Base; path = Base.lproj/LaunchScreen.storyboard; sourceTree = "<group>"; };
		6A55AF952928AC3700A39775 /* Info.plist */ = {isa = PBXFileReference; lastKnownFileType = text.plist.xml; path = Info.plist; sourceTree = "<group>"; };
		6A55AF9B2928D5EC00A39775 /* SettingViewController.swift */ = {isa = PBXFileReference; lastKnownFileType = sourcecode.swift; path = SettingViewController.swift; sourceTree = "<group>"; };
		6A55AF9D2928DEE800A39775 /* LEDSettingDelegate+Protocol.swift */ = {isa = PBXFileReference; lastKnownFileType = sourcecode.swift; path = "LEDSettingDelegate+Protocol.swift"; sourceTree = "<group>"; };
/* End PBXFileReference section */

/* Begin PBXFrameworksBuildPhase section */
		6A55AF812928AC3500A39775 /* Frameworks */ = {
			isa = PBXFrameworksBuildPhase;
			buildActionMask = 2147483647;
			files = (
			);
			runOnlyForDeploymentPostprocessing = 0;
		};
/* End PBXFrameworksBuildPhase section */

/* Begin PBXGroup section */
		6A55AF7B2928AC3500A39775 = {
			isa = PBXGroup;
			children = (
				6A55AF862928AC3500A39775 /* LEDScreen */,
				6A55AF852928AC3500A39775 /* Products */,
			);
			sourceTree = "<group>";
		};
		6A55AF852928AC3500A39775 /* Products */ = {
			isa = PBXGroup;
			children = (
				6A55AF842928AC3500A39775 /* LEDScreen.app */,
			);
			name = Products;
			sourceTree = "<group>";
		};
		6A55AF862928AC3500A39775 /* LEDScreen */ = {
			isa = PBXGroup;
			children = (
				6AB946DF2929C37D00EB19F0 /* ViewController */,
				6AB946DE2929C36700EB19F0 /* Protocol */,
				6AB946E02929C39B00EB19F0 /* StoryBoard */,
				6A55AF872928AC3500A39775 /* AppDelegate.swift */,
				6A55AF892928AC3500A39775 /* SceneDelegate.swift */,
				6A55AF902928AC3700A39775 /* Assets.xcassets */,
				6A55AF952928AC3700A39775 /* Info.plist */,
			);
			path = LEDScreen;
			sourceTree = "<group>";
		};
		6AB946DE2929C36700EB19F0 /* Protocol */ = {
			isa = PBXGroup;
			children = (
				6A55AF9D2928DEE800A39775 /* LEDSettingDelegate+Protocol.swift */,
			);
			path = Protocol;
			sourceTree = "<group>";
		};
		6AB946DF2929C37D00EB19F0 /* ViewController */ = {
			isa = PBXGroup;
			children = (
				6A55AF8B2928AC3500A39775 /* DisplayViewController.swift */,
				6A55AF9B2928D5EC00A39775 /* SettingViewController.swift */,
			);
			path = ViewController;
			sourceTree = "<group>";
		};
		6AB946E02929C39B00EB19F0 /* StoryBoard */ = {
			isa = PBXGroup;
			children = (
				6A55AF8D2928AC3500A39775 /* Main.storyboard */,
				6A55AF922928AC3700A39775 /* LaunchScreen.storyboard */,
			);
			path = StoryBoard;
			sourceTree = "<group>";
		};
/* End PBXGroup section */

/* Begin PBXNativeTarget section */
		6A55AF832928AC3500A39775 /* LEDScreen */ = {
			isa = PBXNativeTarget;
			buildConfigurationList = 6A55AF982928AC3700A39775 /* Build configuration list for PBXNativeTarget "LEDScreen" */;
			buildPhases = (
				6A55AF802928AC3500A39775 /* Sources */,
				6A55AF812928AC3500A39775 /* Frameworks */,
				6A55AF822928AC3500A39775 /* Resources */,
			);
			buildRules = (
			);
			dependencies = (
			);
			name = LEDScreen;
			productName = LEDScreen;
			productReference = 6A55AF842928AC3500A39775 /* LEDScreen.app */;
			productType = "com.apple.product-type.application";
		};
/* End PBXNativeTarget section */

/* Begin PBXProject section */
		6A55AF7C2928AC3500A39775 /* Project object */ = {
			isa = PBXProject;
			attributes = {
				BuildIndependentTargetsInParallel = 1;
				LastSwiftUpdateCheck = 1330;
				LastUpgradeCheck = 1330;
				TargetAttributes = {
					6A55AF832928AC3500A39775 = {
						CreatedOnToolsVersion = 13.3;
					};
				};
			};
			buildConfigurationList = 6A55AF7F2928AC3500A39775 /* Build configuration list for PBXProject "LEDScreen" */;
			compatibilityVersion = "Xcode 13.0";
			developmentRegion = en;
			hasScannedForEncodings = 0;
			knownRegions = (
				en,
				Base,
			);
			mainGroup = 6A55AF7B2928AC3500A39775;
			productRefGroup = 6A55AF852928AC3500A39775 /* Products */;
			projectDirPath = "";
			projectRoot = "";
			targets = (
				6A55AF832928AC3500A39775 /* LEDScreen */,
			);
		};
/* End PBXProject section */

/* Begin PBXResourcesBuildPhase section */
		6A55AF822928AC3500A39775 /* Resources */ = {
			isa = PBXResourcesBuildPhase;
			buildActionMask = 2147483647;
			files = (
				6A55AF942928AC3700A39775 /* LaunchScreen.storyboard in Resources */,
				6A55AF912928AC3700A39775 /* Assets.xcassets in Resources */,
				6A55AF8F2928AC3500A39775 /* Main.storyboard in Resources */,
			);
			runOnlyForDeploymentPostprocessing = 0;
		};
/* End PBXResourcesBuildPhase section */

/* Begin PBXSourcesBuildPhase section */
		6A55AF802928AC3500A39775 /* Sources */ = {
			isa = PBXSourcesBuildPhase;
			buildActionMask = 2147483647;
			files = (
				6A55AF8C2928AC3500A39775 /* DisplayViewController.swift in Sources */,
				6A55AF882928AC3500A39775 /* AppDelegate.swift in Sources */,
				6A55AF9E2928DEE800A39775 /* LEDSettingDelegate+Protocol.swift in Sources */,
				6A55AF8A2928AC3500A39775 /* SceneDelegate.swift in Sources */,
				6A55AF9C2928D5EC00A39775 /* SettingViewController.swift in Sources */,
			);
			runOnlyForDeploymentPostprocessing = 0;
		};
/* End PBXSourcesBuildPhase section */

/* Begin PBXVariantGroup section */
		6A55AF8D2928AC3500A39775 /* Main.storyboard */ = {
			isa = PBXVariantGroup;
			children = (
				6A55AF8E2928AC3500A39775 /* Base */,
			);
			name = Main.storyboard;
			sourceTree = "<group>";
		};
		6A55AF922928AC3700A39775 /* LaunchScreen.storyboard */ = {
			isa = PBXVariantGroup;
			children = (
				6A55AF932928AC3700A39775 /* Base */,
			);
			name = LaunchScreen.storyboard;
			sourceTree = "<group>";
		};
/* End PBXVariantGroup section */

/* Begin XCBuildConfiguration section */
		6A55AF962928AC3700A39775 /* Debug */ = {
			isa = XCBuildConfiguration;
			buildSettings = {
				ALWAYS_SEARCH_USER_PATHS = NO;
				CLANG_ANALYZER_NONNULL = YES;
				CLANG_ANALYZER_NUMBER_OBJECT_CONVERSION = YES_AGGRESSIVE;
				CLANG_CXX_LANGUAGE_STANDARD = "gnu++17";
				CLANG_ENABLE_MODULES = YES;
				CLANG_ENABLE_OBJC_ARC = YES;
				CLANG_ENABLE_OBJC_WEAK = YES;
				CLANG_WARN_BLOCK_CAPTURE_AUTORELEASING = YES;
				CLANG_WARN_BOOL_CONVERSION = YES;
				CLANG_WARN_COMMA = YES;
				CLANG_WARN_CONSTANT_CONVERSION = YES;
				CLANG_WARN_DEPRECATED_OBJC_IMPLEMENTATIONS = YES;
				CLANG_WARN_DIRECT_OBJC_ISA_USAGE = YES_ERROR;
				CLANG_WARN_DOCUMENTATION_COMMENTS = YES;
				CLANG_WARN_EMPTY_BODY = YES;
				CLANG_WARN_ENUM_CONVERSION = YES;
				CLANG_WARN_INFINITE_RECURSION = YES;
				CLANG_WARN_INT_CONVERSION = YES;
				CLANG_WARN_NON_LITERAL_NULL_CONVERSION = YES;
				CLANG_WARN_OBJC_IMPLICIT_RETAIN_SELF = YES;
				CLANG_WARN_OBJC_LITERAL_CONVERSION = YES;
				CLANG_WARN_OBJC_ROOT_CLASS = YES_ERROR;
				CLANG_WARN_QUOTED_INCLUDE_IN_FRAMEWORK_HEADER = YES;
				CLANG_WARN_RANGE_LOOP_ANALYSIS = YES;
				CLANG_WARN_STRICT_PROTOTYPES = YES;
				CLANG_WARN_SUSPICIOUS_MOVE = YES;
				CLANG_WARN_UNGUARDED_AVAILABILITY = YES_AGGRESSIVE;
				CLANG_WARN_UNREACHABLE_CODE = YES;
				CLANG_WARN__DUPLICATE_METHOD_MATCH = YES;
				COPY_PHASE_STRIP = NO;
				DEBUG_INFORMATION_FORMAT = dwarf;
				ENABLE_STRICT_OBJC_MSGSEND = YES;
				ENABLE_TESTABILITY = YES;
				GCC_C_LANGUAGE_STANDARD = gnu11;
				GCC_DYNAMIC_NO_PIC = NO;
				GCC_NO_COMMON_BLOCKS = YES;
				GCC_OPTIMIZATION_LEVEL = 0;
				GCC_PREPROCESSOR_DEFINITIONS = (
					"DEBUG=1",
					"$(inherited)",
				);
				GCC_WARN_64_TO_32_BIT_CONVERSION = YES;
				GCC_WARN_ABOUT_RETURN_TYPE = YES_ERROR;
				GCC_WARN_UNDECLARED_SELECTOR = YES;
				GCC_WARN_UNINITIALIZED_AUTOS = YES_AGGRESSIVE;
				GCC_WARN_UNUSED_FUNCTION = YES;
				GCC_WARN_UNUSED_VARIABLE = YES;
				IPHONEOS_DEPLOYMENT_TARGET = 15.4;
				MTL_ENABLE_DEBUG_INFO = INCLUDE_SOURCE;
				MTL_FAST_MATH = YES;
				ONLY_ACTIVE_ARCH = YES;
				SDKROOT = iphoneos;
				SWIFT_ACTIVE_COMPILATION_CONDITIONS = DEBUG;
				SWIFT_OPTIMIZATION_LEVEL = "-Onone";
			};
			name = Debug;
		};
		6A55AF972928AC3700A39775 /* Release */ = {
			isa = XCBuildConfiguration;
			buildSettings = {
				ALWAYS_SEARCH_USER_PATHS = NO;
				CLANG_ANALYZER_NONNULL = YES;
				CLANG_ANALYZER_NUMBER_OBJECT_CONVERSION = YES_AGGRESSIVE;
				CLANG_CXX_LANGUAGE_STANDARD = "gnu++17";
				CLANG_ENABLE_MODULES = YES;
				CLANG_ENABLE_OBJC_ARC = YES;
				CLANG_ENABLE_OBJC_WEAK = YES;
				CLANG_WARN_BLOCK_CAPTURE_AUTORELEASING = YES;
				CLANG_WARN_BOOL_CONVERSION = YES;
				CLANG_WARN_COMMA = YES;
				CLANG_WARN_CONSTANT_CONVERSION = YES;
				CLANG_WARN_DEPRECATED_OBJC_IMPLEMENTATIONS = YES;
				CLANG_WARN_DIRECT_OBJC_ISA_USAGE = YES_ERROR;
				CLANG_WARN_DOCUMENTATION_COMMENTS = YES;
				CLANG_WARN_EMPTY_BODY = YES;
				CLANG_WARN_ENUM_CONVERSION = YES;
				CLANG_WARN_INFINITE_RECURSION = YES;
				CLANG_WARN_INT_CONVERSION = YES;
				CLANG_WARN_NON_LITERAL_NULL_CONVERSION = YES;
				CLANG_WARN_OBJC_IMPLICIT_RETAIN_SELF = YES;
				CLANG_WARN_OBJC_LITERAL_CONVERSION = YES;
				CLANG_WARN_OBJC_ROOT_CLASS = YES_ERROR;
				CLANG_WARN_QUOTED_INCLUDE_IN_FRAMEWORK_HEADER = YES;
				CLANG_WARN_RANGE_LOOP_ANALYSIS = YES;
				CLANG_WARN_STRICT_PROTOTYPES = YES;
				CLANG_WARN_SUSPICIOUS_MOVE = YES;
				CLANG_WARN_UNGUARDED_AVAILABILITY = YES_AGGRESSIVE;
				CLANG_WARN_UNREACHABLE_CODE = YES;
				CLANG_WARN__DUPLICATE_METHOD_MATCH = YES;
				COPY_PHASE_STRIP = NO;
				DEBUG_INFORMATION_FORMAT = "dwarf-with-dsym";
				ENABLE_NS_ASSERTIONS = NO;
				ENABLE_STRICT_OBJC_MSGSEND = YES;
				GCC_C_LANGUAGE_STANDARD = gnu11;
				GCC_NO_COMMON_BLOCKS = YES;
				GCC_WARN_64_TO_32_BIT_CONVERSION = YES;
				GCC_WARN_ABOUT_RETURN_TYPE = YES_ERROR;
				GCC_WARN_UNDECLARED_SELECTOR = YES;
				GCC_WARN_UNINITIALIZED_AUTOS = YES_AGGRESSIVE;
				GCC_WARN_UNUSED_FUNCTION = YES;
				GCC_WARN_UNUSED_VARIABLE = YES;
				IPHONEOS_DEPLOYMENT_TARGET = 15.4;
				MTL_ENABLE_DEBUG_INFO = NO;
				MTL_FAST_MATH = YES;
				SDKROOT = iphoneos;
				SWIFT_COMPILATION_MODE = wholemodule;
				SWIFT_OPTIMIZATION_LEVEL = "-O";
				VALIDATE_PRODUCT = YES;
			};
			name = Release;
		};
		6A55AF992928AC3700A39775 /* Debug */ = {
			isa = XCBuildConfiguration;
			buildSettings = {
				ASSETCATALOG_COMPILER_APPICON_NAME = AppIcon;
				ASSETCATALOG_COMPILER_GLOBAL_ACCENT_COLOR_NAME = AccentColor;
				CODE_SIGN_STYLE = Automatic;
				CURRENT_PROJECT_VERSION = 1;
				GENERATE_INFOPLIST_FILE = YES;
				INFOPLIST_FILE = LEDScreen/Info.plist;
				INFOPLIST_KEY_UIApplicationSupportsIndirectInputEvents = YES;
				INFOPLIST_KEY_UILaunchStoryboardName = LaunchScreen;
				INFOPLIST_KEY_UIMainStoryboardFile = Main;
				INFOPLIST_KEY_UISupportedInterfaceOrientations_iPad = "UIInterfaceOrientationPortrait UIInterfaceOrientationPortraitUpsideDown UIInterfaceOrientationLandscapeLeft UIInterfaceOrientationLandscapeRight";
				INFOPLIST_KEY_UISupportedInterfaceOrientations_iPhone = "UIInterfaceOrientationPortrait UIInterfaceOrientationLandscapeLeft UIInterfaceOrientationLandscapeRight";
				LD_RUNPATH_SEARCH_PATHS = (
					"$(inherited)",
					"@executable_path/Frameworks",
				);
				MARKETING_VERSION = 1.0;
				PRODUCT_BUNDLE_IDENTIFIER = com.LEDScreen;
				PRODUCT_NAME = "$(TARGET_NAME)";
				SWIFT_EMIT_LOC_STRINGS = YES;
				SWIFT_VERSION = 5.0;
				TARGETED_DEVICE_FAMILY = "1,2";
			};
			name = Debug;
		};
		6A55AF9A2928AC3700A39775 /* Release */ = {
			isa = XCBuildConfiguration;
			buildSettings = {
				ASSETCATALOG_COMPILER_APPICON_NAME = AppIcon;
				ASSETCATALOG_COMPILER_GLOBAL_ACCENT_COLOR_NAME = AccentColor;
				CODE_SIGN_STYLE = Automatic;
				CURRENT_PROJECT_VERSION = 1;
				GENERATE_INFOPLIST_FILE = YES;
				INFOPLIST_FILE = LEDScreen/Info.plist;
				INFOPLIST_KEY_UIApplicationSupportsIndirectInputEvents = YES;
				INFOPLIST_KEY_UILaunchStoryboardName = LaunchScreen;
				INFOPLIST_KEY_UIMainStoryboardFile = Main;
				INFOPLIST_KEY_UISupportedInterfaceOrientations_iPad = "UIInterfaceOrientationPortrait UIInterfaceOrientationPortraitUpsideDown UIInterfaceOrientationLandscapeLeft UIInterfaceOrientationLandscapeRight";
				INFOPLIST_KEY_UISupportedInterfaceOrientations_iPhone = "UIInterfaceOrientationPortrait UIInterfaceOrientationLandscapeLeft UIInterfaceOrientationLandscapeRight";
				LD_RUNPATH_SEARCH_PATHS = (
					"$(inherited)",
					"@executable_path/Frameworks",
				);
				MARKETING_VERSION = 1.0;
				PRODUCT_BUNDLE_IDENTIFIER = com.LEDScreen;
				PRODUCT_NAME = "$(TARGET_NAME)";
				SWIFT_EMIT_LOC_STRINGS = YES;
				SWIFT_VERSION = 5.0;
				TARGETED_DEVICE_FAMILY = "1,2";
			};
			name = Release;
		};
/* End XCBuildConfiguration section */

/* Begin XCConfigurationList section */
		6A55AF7F2928AC3500A39775 /* Build configuration list for PBXProject "LEDScreen" */ = {
			isa = XCConfigurationList;
			buildConfigurations = (
				6A55AF962928AC3700A39775 /* Debug */,
				6A55AF972928AC3700A39775 /* Release */,
			);
			defaultConfigurationIsVisible = 0;
			defaultConfigurationName = Release;
		};
		6A55AF982928AC3700A39775 /* Build configuration list for PBXNativeTarget "LEDScreen" */ = {
			isa = XCConfigurationList;
			buildConfigurations = (
				6A55AF992928AC3700A39775 /* Debug */,
				6A55AF9A2928AC3700A39775 /* Release */,
			);
			defaultConfigurationIsVisible = 0;
			defaultConfigurationName = Release;
		};
/* End XCConfigurationList section */
	};
	rootObject = 6A55AF7C2928AC3500A39775 /* Project object */;
}
